
Microsoft Visual Studio Solution File, Format Version 12.00
# Visual Studio 2013
VisualStudioVersion = 12.0.31101.0
MinimumVisualStudioVersion = 10.0.40219.1
Project("{FAE04EC0-301F-11D3-BF4B-00C04F79EFBC}") = "FileUpload", "FileUpload\FileUpload.csproj", "{973B0E52-7996-4F63-8CA9-43EC592DFC8A}"
EndProject
Project("{FAE04EC0-301F-11D3-BF4B-00C04F79EFBC}") = "UploadClient", "UploadClient\UploadClient.csproj", "{41330F9A-E3F1-4CF5-BC1B-F167BAAB9872}"
EndProject
Global
	GlobalSection(SolutionConfigurationPlatforms) = preSolution
		Debug|Any CPU = Debug|Any CPU
		Release|Any CPU = Release|Any CPU
	EndGlobalSection
	GlobalSection(ProjectConfigurationPlatforms) = postSolution
		{973B0E52-7996-4F63-8CA9-43EC592DFC8A}.Debug|Any CPU.ActiveCfg = Debug|Any CPU
		{973B0E52-7996-4F63-8CA9-43EC592DFC8A}.Debug|Any CPU.Build.0 = Debug|Any CPU
		{973B0E52-7996-4F63-8CA9-43EC592DFC8A}.Release|Any CPU.ActiveCfg = Release|Any CPU
		{973B0E52-7996-4F63-8CA9-43EC592DFC8A}.Release|Any CPU.Build.0 = Release|Any CPU
		{41330F9A-E3F1-4CF5-BC1B-F167BAAB9872}.Debug|Any CPU.ActiveCfg = Debug|Any CPU
		{41330F9A-E3F1-4CF5-BC1B-F167BAAB9872}.Debug|Any CPU.Build.0 = Debug|Any CPU
		{41330F9A-E3F1-4CF5-BC1B-F167BAAB9872}.Release|Any CPU.ActiveCfg = Release|Any CPU
		{41330F9A-E3F1-4CF5-BC1B-F167BAAB9872}.Release|Any CPU.Build.0 = Release|Any CPU
	EndGlobalSection
	GlobalSection(SolutionProperties) = preSolution
		HideSolutionNode = FALSE
	EndGlobalSection
EndGlobal
